
Microsoft Visual Studio Solution File, Format Version 12.00
# Visual Studio Version 16
VisualStudioVersion = 16.0.32002.261
MinimumVisualStudioVersion = 10.0.40219.1
Project("{FAE04EC0-301F-11D3-BF4B-00C04F79EFBC}") = "Lab10_1Wpf", "Lab10Wpf\Lab10_1Wpf.csproj", "{5595DDE3-57FB-4484-B1E6-B895DEA29C55}"
EndProject
Project("{FAE04EC0-301F-11D3-BF4B-00C04F79EFBC}") = "Lab10_2Wpf", "Lab10_1Wpf\Lab10_2Wpf.csproj", "{476B84DA-43BC-4FAD-9B79-7926F8C239CE}"
EndProject
Global
	GlobalSection(SolutionConfigurationPlatforms) = preSolution
		Debug|Any CPU = Debug|Any CPU
		Release|Any CPU = Release|Any CPU
	EndGlobalSection
	GlobalSection(ProjectConfigurationPlatforms) = postSolution
		{5595DDE3-57FB-4484-B1E6-B895DEA29C55}.Debug|Any CPU.ActiveCfg = Debug|Any CPU
		{5595DDE3-57FB-4484-B1E6-B895DEA29C55}.Debug|Any CPU.Build.0 = Debug|Any CPU
		{5595DDE3-57FB-4484-B1E6-B895DEA29C55}.Release|Any CPU.ActiveCfg = Release|Any CPU
		{5595DDE3-57FB-4484-B1E6-B895DEA29C55}.Release|Any CPU.Build.0 = Release|Any CPU
		{476B84DA-43BC-4FAD-9B79-7926F8C239CE}.Debug|Any CPU.ActiveCfg = Debug|Any CPU
		{476B84DA-43BC-4FAD-9B79-7926F8C239CE}.Debug|Any CPU.Build.0 = Debug|Any CPU
		{476B84DA-43BC-4FAD-9B79-7926F8C239CE}.Release|Any CPU.ActiveCfg = Release|Any CPU
		{476B84DA-43BC-4FAD-9B79-7926F8C239CE}.Release|Any CPU.Build.0 = Release|Any CPU
	EndGlobalSection
	GlobalSection(SolutionProperties) = preSolution
		HideSolutionNode = FALSE
	EndGlobalSection
	GlobalSection(ExtensibilityGlobals) = postSolution
		SolutionGuid = {08699D47-A6FE-46CF-8877-01F38DDBBC89}
	EndGlobalSection
EndGlobal
